PODS:
  - Charts (3.0.2):
    - Charts/Core (= 3.0.2)
  - Charts/Core (3.0.2)
  - ChartsRealm (3.0.2):
    - Charts (~> 3.0.2)
    - RealmSwift (~> 2.4)
  - FirebaseAnalytics (3.9.0):
    - FirebaseCore (~> 3.6)
    - FirebaseInstanceID (~> 1.0)
    - GoogleToolboxForMac/NSData+zlib (~> 2.1)
  - FirebaseCore (3.6.0):
    - GoogleToolboxForMac/NSData+zlib (~> 2.1)
  - FirebaseInstanceID (1.0.10):
    - FirebaseCore (~> 3.6)
  - FMDB (2.6.2):
    - FMDB/standard (= 2.6.2)
  - FMDB/standard (2.6.2)
  - Google/Analytics (3.1.0):
    - Google/Core
    - GoogleAnalytics (~> 3.12)
  - Google/Core (3.1.0):
    - FirebaseAnalytics (~> 3.2)
  - Google/SignIn (3.1.0):
    - Google/Core
    - GoogleSignIn (~> 4.0)
  - GoogleAnalytics (3.17.0)
  - GoogleSignIn (4.0.2):
    - GoogleToolboxForMac/NSDictionary+URLArguments (~> 2.1)
    - GoogleToolboxForMac/NSString+URLArguments (~> 2.1)
    - GTMOAuth2 (~> 1.0)
    - GTMSessionFetcher/Core (~> 1.1)
  - GoogleToolboxForMac/DebugUtils (2.1.1):
    - GoogleToolboxForMac/Defines (= 2.1.1)
  - GoogleToolboxForMac/Defines (2.1.1)
  - GoogleToolboxForMac/NSData+zlib (2.1.1):
    - GoogleToolboxForMac/Defines (= 2.1.1)
  - GoogleToolboxForMac/NSDictionary+URLArguments (2.1.1):
    - GoogleToolboxForMac/DebugUtils (= 2.1.1)
    - GoogleToolboxForMac/Defines (= 2.1.1)
    - GoogleToolboxForMac/NSString+URLArguments (= 2.1.1)
  - GoogleToolboxForMac/NSString+URLArguments (2.1.1)
  - GTMOAuth2 (1.1.4):
    - GTMSessionFetcher (~> 1.1)
  - GTMSessionFetcher (1.1.11):
    - GTMSessionFetcher/Full (= 1.1.11)
  - GTMSessionFetcher/Core (1.1.11)
  - GTMSessionFetcher/Full (1.1.11):
    - GTMSessionFetcher/Core (= 1.1.11)
  - LineSDK (4.0.2)
  - Persei (3.0)
  - Realm (2.6.2):
    - Realm/Headers (= 2.6.2)
  - Realm/Headers (2.6.2)
  - RealmSwift (2.6.2):
    - Realm (= 2.6.2)
  - SVProgressHUD (2.1.2)

DEPENDENCIES:
  - Charts
  - ChartsRealm
  - FMDB
  - Google/Analytics
  - Google/SignIn
  - LineSDK (~> 4.0.2)
  - Persei (~> 3.0)
  - SVProgressHUD

SPEC CHECKSUMS:
  Charts: 236d6ccdd0ce6feae151d89e829a7397381a21fd
  ChartsRealm: ed0332fd409298188a2b71e9548604165c987d42
  FirebaseAnalytics: e5fe8486efc01bec33f6bf82e2fa9fce4b124052
  FirebaseCore: 9691ee2ade70c098d7cf92440f4303f16d83ca75
  FirebaseInstanceID: b9eedd6846fb5e1f0f7279e1deaa7a7e4cf8392e
  FMDB: 854a0341b4726e53276f2a8996f06f1b80f9259a
  Google: 98da4b1a60ed0beb80a290387a28333406a1eb90
  GoogleAnalytics: f42cc53a87a51fe94334821868d9c8481ff47a7b
  GoogleSignIn: d7ad83f13480e1f30453471d00d19b5293ac46af
  GoogleToolboxForMac: 8e329f1b599f2512c6b10676d45736bcc2cbbeb0
  GTMOAuth2: 7fc9c10f5c745f4d9850419ea88889fe3baa6b7d
  GTMSessionFetcher: 5ad62e8200fa00ed011fe5e08d27fef72c5b1429
  LineSDK: c738ac9451ca35abd152dceacd8c92cdde658e43
  Persei: 2fa633362b1686ec53f8d2d1368ee523b8630742
  Realm: 29222766425b9f831228f81b63f0e38a97a4d700
  RealmSwift: d161a80f96cb91ae88391a7d5a9cf08024a7bc8e
  SVProgressHUD: c404a55d78acbeb7ebb78b76d3faf986475a6994

PODFILE CHECKSUM: de34e4411e19f484690996e9bdc5ef529d2d7824

COCOAPODS: 1.2.1
